Microsoft Visual Studio Solution File, Format Version 12.00
# Visual Studio Version 17
VisualStudioVersion = 17.13.35825.156
MinimumVisualStudioVersion = 10.0.40219.1
Project("{FAE04EC0-301F-11D3-BF4B-00C04F79EFBC}") = "Arrays de 2 Dimensiones (Matrices)", "Arrays de 2 Dimensiones (Matrices).csproj", "{C283B7C0-833A-46E7-B7DD-0DFE90E610E3}"
EndProject
Global
	GlobalSection(SolutionConfigurationPlatforms) = preSolution
		Debug|Any CPU = Debug|Any CPU
		Release|Any CPU = Release|Any CPU
	EndGlobalSection
	GlobalSection(ProjectConfigurationPlatforms) = postSolution
		{C283B7C0-833A-46E7-B7DD-0DFE90E610E3}.Debug|Any CPU.ActiveCfg = Debug|Any CPU
		{C283B7C0-833A-46E7-B7DD-0DFE90E610E3}.Debug|Any CPU.Build.0 = Debug|Any CPU
		{C283B7C0-833A-46E7-B7DD-0DFE90E610E3}.Release|Any CPU.ActiveCfg = Release|Any CPU
		{C283B7C0-833A-46E7-B7DD-0DFE90E610E3}.Release|Any CPU.Build.0 = Release|Any CPU
	EndGlobalSection
	GlobalSection(SolutionProperties) = preSolution
		HideSolutionNode = FALSE
	EndGlobalSection
	GlobalSection(ExtensibilityGlobals) = postSolution
		SolutionGuid = {BAD45DC7-C0E2-4F9E-BAAB-C3E6AFE07C75}
	EndGlobalSection
EndGlobal
